
Microsoft Visual Studio Solution File, Format Version 12.00
# Visual Studio Version 16
VisualStudioVersion = 16.0.31112.23
MinimumVisualStudioVersion = 10.0.40219.1
Project("{FAE04EC0-301F-11D3-BF4B-00C04F79EFBC}") = "Buoi4_While", "Buoi4_While\Buoi4_While.csproj", "{0A8C22EE-FBF7-4E85-8064-62F273FFC007}"
EndProject
Global
	GlobalSection(SolutionConfigurationPlatforms) = preSolution
		Debug|Any CPU = Debug|Any CPU
		Release|Any CPU = Release|Any CPU
	EndGlobalSection
	GlobalSection(ProjectConfigurationPlatforms) = postSolution
		{0A8C22EE-FBF7-4E85-8064-62F273FFC007}.Debug|Any CPU.ActiveCfg = Debug|Any CPU
		{0A8C22EE-FBF7-4E85-8064-62F273FFC007}.Debug|Any CPU.Build.0 = Debug|Any CPU
		{0A8C22EE-FBF7-4E85-8064-62F273FFC007}.Release|Any CPU.ActiveCfg = Release|Any CPU
		{0A8C22EE-FBF7-4E85-8064-62F273FFC007}.Release|Any CPU.Build.0 = Release|Any CPU
	EndGlobalSection
	GlobalSection(SolutionProperties) = preSolution
		HideSolutionNode = FALSE
	EndGlobalSection
	GlobalSection(ExtensibilityGlobals) = postSolution
		SolutionGuid = {9A3A9E6C-4A6E-48AB-BC37-8BD22D017DD1}
	EndGlobalSection
EndGlobal
