
Microsoft Visual Studio Solution File, Format Version 12.00
# Visual Studio Version 16
VisualStudioVersion = 16.0.31112.23
MinimumVisualStudioVersion = 10.0.40219.1
Project("{FAE04EC0-301F-11D3-BF4B-00C04F79EFBC}") = "Buoi6", "Buoi6\Buoi6.csproj", "{9431B055-225A-435E-ACAB-551E092AA69F}"
EndProject
Global
	GlobalSection(SolutionConfigurationPlatforms) = preSolution
		Debug|Any CPU = Debug|Any CPU
		Release|Any CPU = Release|Any CPU
	EndGlobalSection
	GlobalSection(ProjectConfigurationPlatforms) = postSolution
		{9431B055-225A-435E-ACAB-551E092AA69F}.Debug|Any CPU.ActiveCfg = Debug|Any CPU
		{9431B055-225A-435E-ACAB-551E092AA69F}.Debug|Any CPU.Build.0 = Debug|Any CPU
		{9431B055-225A-435E-ACAB-551E092AA69F}.Release|Any CPU.ActiveCfg = Release|Any CPU
		{9431B055-225A-435E-ACAB-551E092AA69F}.Release|Any CPU.Build.0 = Release|Any CPU
	EndGlobalSection
	GlobalSection(SolutionProperties) = preSolution
		HideSolutionNode = FALSE
	EndGlobalSection
	GlobalSection(ExtensibilityGlobals) = postSolution
		SolutionGuid = {3D971FDA-2903-48ED-8DFC-2E2980310D34}
	EndGlobalSection
EndGlobal
