
Microsoft Visual Studio Solution File, Format Version 12.00
# Visual Studio Version 16
VisualStudioVersion = 16.0.31112.23
MinimumVisualStudioVersion = 10.0.40219.1
Project("{FAE04EC0-301F-11D3-BF4B-00C04F79EFBC}") = "buoi7", "buoi7\buoi7.csproj", "{85E614C4-D07A-4F9E-B7AF-5969F6D5C673}"
EndProject
Global
	GlobalSection(SolutionConfigurationPlatforms) = preSolution
		Debug|Any CPU = Debug|Any CPU
		Release|Any CPU = Release|Any CPU
	EndGlobalSection
	GlobalSection(ProjectConfigurationPlatforms) = postSolution
		{85E614C4-D07A-4F9E-B7AF-5969F6D5C673}.Debug|Any CPU.ActiveCfg = Debug|Any CPU
		{85E614C4-D07A-4F9E-B7AF-5969F6D5C673}.Debug|Any CPU.Build.0 = Debug|Any CPU
		{85E614C4-D07A-4F9E-B7AF-5969F6D5C673}.Release|Any CPU.ActiveCfg = Release|Any CPU
		{85E614C4-D07A-4F9E-B7AF-5969F6D5C673}.Release|Any CPU.Build.0 = Release|Any CPU
	EndGlobalSection
	GlobalSection(SolutionProperties) = preSolution
		HideSolutionNode = FALSE
	EndGlobalSection
	GlobalSection(ExtensibilityGlobals) = postSolution
		SolutionGuid = {F14AF578-C198-4C14-B87A-CCA1081614EC}
	EndGlobalSection
EndGlobal
