
Microsoft Visual Studio Solution File, Format Version 12.00
# Visual Studio Version 16
VisualStudioVersion = 16.0.31112.23
MinimumVisualStudioVersion = 10.0.40219.1
Project("{FAE04EC0-301F-11D3-BF4B-00C04F79EFBC}") = "bai4", "bai4\bai4.csproj", "{A81F90A4-D0A3-4C2F-BA20-FD059142C0E5}"
EndProject
Global
	GlobalSection(SolutionConfigurationPlatforms) = preSolution
		Debug|Any CPU = Debug|Any CPU
		Release|Any CPU = Release|Any CPU
	EndGlobalSection
	GlobalSection(ProjectConfigurationPlatforms) = postSolution
		{A81F90A4-D0A3-4C2F-BA20-FD059142C0E5}.Debug|Any CPU.ActiveCfg = Debug|Any CPU
		{A81F90A4-D0A3-4C2F-BA20-FD059142C0E5}.Debug|Any CPU.Build.0 = Debug|Any CPU
		{A81F90A4-D0A3-4C2F-BA20-FD059142C0E5}.Release|Any CPU.ActiveCfg = Release|Any CPU
		{A81F90A4-D0A3-4C2F-BA20-FD059142C0E5}.Release|Any CPU.Build.0 = Release|Any CPU
	EndGlobalSection
	GlobalSection(SolutionProperties) = preSolution
		HideSolutionNode = FALSE
	EndGlobalSection
	GlobalSection(ExtensibilityGlobals) = postSolution
		SolutionGuid = {3C3E8413-A88B-47DD-8B8B-23340B289E15}
	EndGlobalSection
EndGlobal
