
Microsoft Visual Studio Solution File, Format Version 12.00
# Visual Studio Version 16
VisualStudioVersion = 16.0.31112.23
MinimumVisualStudioVersion = 10.0.40219.1
Project("{FAE04EC0-301F-11D3-BF4B-00C04F79EFBC}") = "Bai2", "Exersise\Bai2.csproj", "{051BC0E6-C953-410D-8061-C3E56A05C45B}"
EndProject
Project("{FAE04EC0-301F-11D3-BF4B-00C04F79EFBC}") = "Bai1", "Bai1\Bai1.csproj", "{19282E1A-8939-4C44-9B5C-D725C6B02891}"
EndProject
Global
	GlobalSection(SolutionConfigurationPlatforms) = preSolution
		Debug|Any CPU = Debug|Any CPU
		Release|Any CPU = Release|Any CPU
	EndGlobalSection
	GlobalSection(ProjectConfigurationPlatforms) = postSolution
		{051BC0E6-C953-410D-8061-C3E56A05C45B}.Debug|Any CPU.ActiveCfg = Debug|Any CPU
		{051BC0E6-C953-410D-8061-C3E56A05C45B}.Debug|Any CPU.Build.0 = Debug|Any CPU
		{051BC0E6-C953-410D-8061-C3E56A05C45B}.Release|Any CPU.ActiveCfg = Release|Any CPU
		{051BC0E6-C953-410D-8061-C3E56A05C45B}.Release|Any CPU.Build.0 = Release|Any CPU
		{19282E1A-8939-4C44-9B5C-D725C6B02891}.Debug|Any CPU.ActiveCfg = Debug|Any CPU
		{19282E1A-8939-4C44-9B5C-D725C6B02891}.Debug|Any CPU.Build.0 = Debug|Any CPU
		{19282E1A-8939-4C44-9B5C-D725C6B02891}.Release|Any CPU.ActiveCfg = Release|Any CPU
		{19282E1A-8939-4C44-9B5C-D725C6B02891}.Release|Any CPU.Build.0 = Release|Any CPU
	EndGlobalSection
	GlobalSection(SolutionProperties) = preSolution
		HideSolutionNode = FALSE
	EndGlobalSection
	GlobalSection(ExtensibilityGlobals) = postSolution
		SolutionGuid = {D1FB0446-25EE-4CA0-9E3C-424A8A6E8D93}
	EndGlobalSection
EndGlobal
